
Microsoft Visual Studio Solution File, Format Version 12.00
# Visual Studio Version 17
VisualStudioVersion = 17.14.36408.4 d17.14
MinimumVisualStudioVersion = 10.0.40219.1
Project("{888888A0-9F3D-457C-B088-3A5042F75D52}") = "python-backend", "python-backend\python-backend.pyproj", "{7CAFB7D0-1F92-4114-9791-867DD688CDDD}"
EndProject
Global
	GlobalSection(SolutionConfigurationPlatforms) = preSolution
		Debug|Any CPU = Debug|Any CPU
		Release|Any CPU = Release|Any CPU
	EndGlobalSection
	GlobalSection(ProjectConfigurationPlatforms) = postSolution
		{7CAFB7D0-1F92-4114-9791-867DD688CDDD}.Debug|Any CPU.ActiveCfg = Debug|Any CPU
		{7CAFB7D0-1F92-4114-9791-867DD688CDDD}.Debug|Any CPU.Build.0 = Debug|Any CPU
		{7CAFB7D0-1F92-4114-9791-867DD688CDDD}.Release|Any CPU.ActiveCfg = Release|Any CPU
		{7CAFB7D0-1F92-4114-9791-867DD688CDDD}.Release|Any CPU.Build.0 = Release|Any CPU
	EndGlobalSection
	GlobalSection(SolutionProperties) = preSolution
		HideSolutionNode = FALSE
	EndGlobalSection
	GlobalSection(ExtensibilityGlobals) = postSolution
		SolutionGuid = {397E2EA8-249F-4B12-8484-28E4FFC0A908}
	EndGlobalSection
EndGlobal
